
Microsoft Visual Studio Solution File, Format Version 12.00
# Visual Studio Version 16
VisualStudioVersion = 16.0.30128.74
MinimumVisualStudioVersion = 10.0.40219.1
Project("{2150E333-8FDC-42A3-9474-1A3956D46DE8}") = "Services", "Services", "{BE93179D-382D-47AA-88F2-0E6AC310175D}"
EndProject
Project("{2150E333-8FDC-42A3-9474-1A3956D46DE8}") = "Ordering", "Ordering", "{E4F4E3B5-0B32-4DCB-8F21-3C10FCA2C70A}"
EndProject
Project("{9A19103F-16F7-4668-BE54-9A1E7A4F7556}") = "Ordering.API", "Services\Ordering\Ordering.API\Ordering.API.csproj", "{E6135E1A-1761-4234-BC57-952F216779D4}"
EndProject
Project("{2150E333-8FDC-42A3-9474-1A3956D46DE8}") = "Core", "Core", "{C89469F7-A746-41C4-B6C2-616A4572823F}"
EndProject
Project("{2150E333-8FDC-42A3-9474-1A3956D46DE8}") = "Clients", "Clients", "{D34996E6-29BF-4CC0-B902-7A3D28A0747B}"
EndProject
Project("{2150E333-8FDC-42A3-9474-1A3956D46DE8}") = "Mobile", "Mobile", "{7571BA1E-5129-4486-BCFA-1C0736F077E7}"
EndProject
Project("{2150E333-8FDC-42A3-9474-1A3956D46DE8}") = "Desktop", "Desktop", "{43A3A8DA-61C8-455A-AA57-286FE0311421}"
EndProject
Project("{2150E333-8FDC-42A3-9474-1A3956D46DE8}") = "Angular", "Angular", "{98FAB995-5920-4BE4-BC83-50C9634E7689}"
EndProject
Project("{2150E333-8FDC-42A3-9474-1A3956D46DE8}") = "Web", "Web", "{AAA36240-22C2-43EE-94D7-7AAB2E40B45C}"
EndProject
Project("{2150E333-8FDC-42A3-9474-1A3956D46DE8}") = "Shopping", "Shopping", "{654E4BF6-EF6C-4ED2-9A80-136D57F40DC7}"
EndProject
Project("{2150E333-8FDC-42A3-9474-1A3956D46DE8}") = "Shipping", "Shipping", "{B1F2FEF5-D513-4845-AE63-E7E74B696177}"
EndProject
Project("{2150E333-8FDC-42A3-9474-1A3956D46DE8}") = "Catalog", "Catalog", "{66DFE999-2692-481B-86DB-996FA88B1A7F}"
EndProject
Project("{2150E333-8FDC-42A3-9474-1A3956D46DE8}") = "Payment", "Payment", "{1D106112-6EC1-4141-A7A6-502634832B7E}"
EndProject
Project("{9A19103F-16F7-4668-BE54-9A1E7A4F7556}") = "Catalog.API", "Services\Catalog\Catalog.API\Catalog.API.csproj", "{2E9ABAEF-86F5-491E-BB63-74D2A8B93430}"
EndProject
Project("{9A19103F-16F7-4668-BE54-9A1E7A4F7556}") = "Shopping.API", "Services\Shopping\Shopping.API\Shopping.API.csproj", "{D69EB94D-85F2-41D7-82E5-68DA83758FC2}"
EndProject
Project("{9A19103F-16F7-4668-BE54-9A1E7A4F7556}") = "Shipping.API", "Services\Shipping\Shipping.API\Shipping.API.csproj", "{99221554-0405-4606-937A-A1CE8EBCB8D9}"
EndProject
Project("{9A19103F-16F7-4668-BE54-9A1E7A4F7556}") = "xSystem.Core", "Core\xSystem.Core\xSystem.Core.csproj", "{681FF257-BF64-4A13-B98D-79DA631C3E25}"
EndProject
Project("{FAE04EC0-301F-11D3-BF4B-00C04F79EFBC}") = "Shopping.Domain", "Services\Shopping\Shopping.Domain\Shopping.Domain.csproj", "{0F7BD402-5C70-43AE-AC8F-9AE87108E2BA}"
EndProject
Global
	GlobalSection(SolutionConfigurationPlatforms) = preSolution
		Debug|Any CPU = Debug|Any CPU
		Release|Any CPU = Release|Any CPU
	EndGlobalSection
	GlobalSection(ProjectConfigurationPlatforms) = postSolution
		{E6135E1A-1761-4234-BC57-952F216779D4}.Debug|Any CPU.ActiveCfg = Debug|Any CPU
		{E6135E1A-1761-4234-BC57-952F216779D4}.Debug|Any CPU.Build.0 = Debug|Any CPU
		{E6135E1A-1761-4234-BC57-952F216779D4}.Release|Any CPU.ActiveCfg = Release|Any CPU
		{E6135E1A-1761-4234-BC57-952F216779D4}.Release|Any CPU.Build.0 = Release|Any CPU
		{2E9ABAEF-86F5-491E-BB63-74D2A8B93430}.Debug|Any CPU.ActiveCfg = Debug|Any CPU
		{2E9ABAEF-86F5-491E-BB63-74D2A8B93430}.Debug|Any CPU.Build.0 = Debug|Any CPU
		{2E9ABAEF-86F5-491E-BB63-74D2A8B93430}.Release|Any CPU.ActiveCfg = Release|Any CPU
		{2E9ABAEF-86F5-491E-BB63-74D2A8B93430}.Release|Any CPU.Build.0 = Release|Any CPU
		{D69EB94D-85F2-41D7-82E5-68DA83758FC2}.Debug|Any CPU.ActiveCfg = Debug|Any CPU
		{D69EB94D-85F2-41D7-82E5-68DA83758FC2}.Debug|Any CPU.Build.0 = Debug|Any CPU
		{D69EB94D-85F2-41D7-82E5-68DA83758FC2}.Release|Any CPU.ActiveCfg = Release|Any CPU
		{D69EB94D-85F2-41D7-82E5-68DA83758FC2}.Release|Any CPU.Build.0 = Release|Any CPU
		{99221554-0405-4606-937A-A1CE8EBCB8D9}.Debug|Any CPU.ActiveCfg = Debug|Any CPU
		{99221554-0405-4606-937A-A1CE8EBCB8D9}.Debug|Any CPU.Build.0 = Debug|Any CPU
		{99221554-0405-4606-937A-A1CE8EBCB8D9}.Release|Any CPU.ActiveCfg = Release|Any CPU
		{99221554-0405-4606-937A-A1CE8EBCB8D9}.Release|Any CPU.Build.0 = Release|Any CPU
		{681FF257-BF64-4A13-B98D-79DA631C3E25}.Debug|Any CPU.ActiveCfg = Debug|Any CPU
		{681FF257-BF64-4A13-B98D-79DA631C3E25}.Debug|Any CPU.Build.0 = Debug|Any CPU
		{681FF257-BF64-4A13-B98D-79DA631C3E25}.Release|Any CPU.ActiveCfg = Release|Any CPU
		{681FF257-BF64-4A13-B98D-79DA631C3E25}.Release|Any CPU.Build.0 = Release|Any CPU
		{0F7BD402-5C70-43AE-AC8F-9AE87108E2BA}.Debug|Any CPU.ActiveCfg = Debug|Any CPU
		{0F7BD402-5C70-43AE-AC8F-9AE87108E2BA}.Debug|Any CPU.Build.0 = Debug|Any CPU
		{0F7BD402-5C70-43AE-AC8F-9AE87108E2BA}.Release|Any CPU.ActiveCfg = Release|Any CPU
		{0F7BD402-5C70-43AE-AC8F-9AE87108E2BA}.Release|Any CPU.Build.0 = Release|Any CPU
	EndGlobalSection
	GlobalSection(SolutionProperties) = preSolution
		HideSolutionNode = FALSE
	EndGlobalSection
	GlobalSection(NestedProjects) = preSolution
		{E4F4E3B5-0B32-4DCB-8F21-3C10FCA2C70A} = {BE93179D-382D-47AA-88F2-0E6AC310175D}
		{E6135E1A-1761-4234-BC57-952F216779D4} = {E4F4E3B5-0B32-4DCB-8F21-3C10FCA2C70A}
		{7571BA1E-5129-4486-BCFA-1C0736F077E7} = {D34996E6-29BF-4CC0-B902-7A3D28A0747B}
		{43A3A8DA-61C8-455A-AA57-286FE0311421} = {D34996E6-29BF-4CC0-B902-7A3D28A0747B}
		{98FAB995-5920-4BE4-BC83-50C9634E7689} = {D34996E6-29BF-4CC0-B902-7A3D28A0747B}
		{AAA36240-22C2-43EE-94D7-7AAB2E40B45C} = {D34996E6-29BF-4CC0-B902-7A3D28A0747B}
		{654E4BF6-EF6C-4ED2-9A80-136D57F40DC7} = {BE93179D-382D-47AA-88F2-0E6AC310175D}
		{B1F2FEF5-D513-4845-AE63-E7E74B696177} = {BE93179D-382D-47AA-88F2-0E6AC310175D}
		{66DFE999-2692-481B-86DB-996FA88B1A7F} = {BE93179D-382D-47AA-88F2-0E6AC310175D}
		{1D106112-6EC1-4141-A7A6-502634832B7E} = {BE93179D-382D-47AA-88F2-0E6AC310175D}
		{2E9ABAEF-86F5-491E-BB63-74D2A8B93430} = {66DFE999-2692-481B-86DB-996FA88B1A7F}
		{D69EB94D-85F2-41D7-82E5-68DA83758FC2} = {654E4BF6-EF6C-4ED2-9A80-136D57F40DC7}
		{99221554-0405-4606-937A-A1CE8EBCB8D9} = {B1F2FEF5-D513-4845-AE63-E7E74B696177}
		{681FF257-BF64-4A13-B98D-79DA631C3E25} = {C89469F7-A746-41C4-B6C2-616A4572823F}
		{0F7BD402-5C70-43AE-AC8F-9AE87108E2BA} = {654E4BF6-EF6C-4ED2-9A80-136D57F40DC7}
	EndGlobalSection
	GlobalSection(ExtensibilityGlobals) = postSolution
		SolutionGuid = {8B31E42B-2F9D-4D64-90BF-91636AF776E4}
	EndGlobalSection
EndGlobal
