
Microsoft Visual Studio Solution File, Format Version 12.00
# Visual Studio Version 16
VisualStudioVersion = 16.0.30128.74
MinimumVisualStudioVersion = 10.0.40219.1
Project("{2150E333-8FDC-42A3-9474-1A3956D46DE8}") = "Services", "Services", "{BE93179D-382D-47AA-88F2-0E6AC310175D}"
EndProject
Project("{2150E333-8FDC-42A3-9474-1A3956D46DE8}") = "Ordering", "Ordering", "{E4F4E3B5-0B32-4DCB-8F21-3C10FCA2C70A}"
EndProject
Project("{9A19103F-16F7-4668-BE54-9A1E7A4F7556}") = "Ordering.API", "Services\Ordering\Ordering.API\Ordering.API.csproj", "{E6135E1A-1761-4234-BC57-952F216779D4}"
EndProject
Project("{2150E333-8FDC-42A3-9474-1A3956D46DE8}") = "Core", "Core", "{C89469F7-A746-41C4-B6C2-616A4572823F}"
EndProject
Project("{2150E333-8FDC-42A3-9474-1A3956D46DE8}") = "Clients", "Clients", "{D34996E6-29BF-4CC0-B902-7A3D28A0747B}"
EndProject
Project("{2150E333-8FDC-42A3-9474-1A3956D46DE8}") = "Shopping", "Shopping", "{654E4BF6-EF6C-4ED2-9A80-136D57F40DC7}"
EndProject
Project("{2150E333-8FDC-42A3-9474-1A3956D46DE8}") = "Shipping", "Shipping", "{B1F2FEF5-D513-4845-AE63-E7E74B696177}"
EndProject
Project("{2150E333-8FDC-42A3-9474-1A3956D46DE8}") = "Catalog", "Catalog", "{66DFE999-2692-481B-86DB-996FA88B1A7F}"
EndProject
Project("{2150E333-8FDC-42A3-9474-1A3956D46DE8}") = "Payment", "Payment", "{1D106112-6EC1-4141-A7A6-502634832B7E}"
EndProject
Project("{9A19103F-16F7-4668-BE54-9A1E7A4F7556}") = "Catalog.API", "Services\Catalog\Catalog.API\Catalog.API.csproj", "{2E9ABAEF-86F5-491E-BB63-74D2A8B93430}"
EndProject
Project("{9A19103F-16F7-4668-BE54-9A1E7A4F7556}") = "Shopping.API", "Services\Shopping\Shopping.API\Shopping.API.csproj", "{D69EB94D-85F2-41D7-82E5-68DA83758FC2}"
EndProject
Project("{9A19103F-16F7-4668-BE54-9A1E7A4F7556}") = "Shipping.API", "Services\Shipping\Shipping.API\Shipping.API.csproj", "{99221554-0405-4606-937A-A1CE8EBCB8D9}"
EndProject
Project("{9A19103F-16F7-4668-BE54-9A1E7A4F7556}") = "xSystem.Core", "Core\xSystem.Core\xSystem.Core.csproj", "{681FF257-BF64-4A13-B98D-79DA631C3E25}"
EndProject
Project("{9A19103F-16F7-4668-BE54-9A1E7A4F7556}") = "Shopping.Domain", "Services\Shopping\Shopping.Domain\Shopping.Domain.csproj", "{0F7BD402-5C70-43AE-AC8F-9AE87108E2BA}"
EndProject
Project("{2150E333-8FDC-42A3-9474-1A3956D46DE8}") = "Identity", "Identity", "{D993F29F-7C53-4A78-83D6-644EAE4242E3}"
EndProject
Project("{9A19103F-16F7-4668-BE54-9A1E7A4F7556}") = "ConsoleClient", "Clients\ConsoleClient\ConsoleClient.csproj", "{6D3A3A69-7F5D-4356-A1AB-4519CF4E7B67}"
EndProject
Project("{9A19103F-16F7-4668-BE54-9A1E7A4F7556}") = "WebClient", "Clients\WebClient\WebClient.csproj", "{6A1936F8-F69B-443B-BE23-1531409A9AE8}"
EndProject
Project("{9A19103F-16F7-4668-BE54-9A1E7A4F7556}") = "IdentityServer", "Services\Identity\IdentityServer\IdentityServer.csproj", "{15DFACA4-EAF4-4F97-B559-23B3B43418A5}"
EndProject
Project("{9A19103F-16F7-4668-BE54-9A1E7A4F7556}") = "xrestaurant-angular-web", "Clients\xrestaurant-angular-web\xrestaurant-angular-web.csproj", "{86D42494-7EFA-446D-8E6E-C3D648722215}"
EndProject
Global
	GlobalSection(SolutionConfigurationPlatforms) = preSolution
		Debug|Any CPU = Debug|Any CPU
		Release|Any CPU = Release|Any CPU
	EndGlobalSection
	GlobalSection(ProjectConfigurationPlatforms) = postSolution
		{E6135E1A-1761-4234-BC57-952F216779D4}.Debug|Any CPU.ActiveCfg = Debug|Any CPU
		{E6135E1A-1761-4234-BC57-952F216779D4}.Debug|Any CPU.Build.0 = Debug|Any CPU
		{E6135E1A-1761-4234-BC57-952F216779D4}.Release|Any CPU.ActiveCfg = Release|Any CPU
		{E6135E1A-1761-4234-BC57-952F216779D4}.Release|Any CPU.Build.0 = Release|Any CPU
		{2E9ABAEF-86F5-491E-BB63-74D2A8B93430}.Debug|Any CPU.ActiveCfg = Debug|Any CPU
		{2E9ABAEF-86F5-491E-BB63-74D2A8B93430}.Debug|Any CPU.Build.0 = Debug|Any CPU
		{2E9ABAEF-86F5-491E-BB63-74D2A8B93430}.Release|Any CPU.ActiveCfg = Release|Any CPU
		{2E9ABAEF-86F5-491E-BB63-74D2A8B93430}.Release|Any CPU.Build.0 = Release|Any CPU
		{D69EB94D-85F2-41D7-82E5-68DA83758FC2}.Debug|Any CPU.ActiveCfg = Debug|Any CPU
		{D69EB94D-85F2-41D7-82E5-68DA83758FC2}.Debug|Any CPU.Build.0 = Debug|Any CPU
		{D69EB94D-85F2-41D7-82E5-68DA83758FC2}.Release|Any CPU.ActiveCfg = Release|Any CPU
		{D69EB94D-85F2-41D7-82E5-68DA83758FC2}.Release|Any CPU.Build.0 = Release|Any CPU
		{99221554-0405-4606-937A-A1CE8EBCB8D9}.Debug|Any CPU.ActiveCfg = Debug|Any CPU
		{99221554-0405-4606-937A-A1CE8EBCB8D9}.Debug|Any CPU.Build.0 = Debug|Any CPU
		{99221554-0405-4606-937A-A1CE8EBCB8D9}.Release|Any CPU.ActiveCfg = Release|Any CPU
		{99221554-0405-4606-937A-A1CE8EBCB8D9}.Release|Any CPU.Build.0 = Release|Any CPU
		{681FF257-BF64-4A13-B98D-79DA631C3E25}.Debug|Any CPU.ActiveCfg = Debug|Any CPU
		{681FF257-BF64-4A13-B98D-79DA631C3E25}.Debug|Any CPU.Build.0 = Debug|Any CPU
		{681FF257-BF64-4A13-B98D-79DA631C3E25}.Release|Any CPU.ActiveCfg = Release|Any CPU
		{681FF257-BF64-4A13-B98D-79DA631C3E25}.Release|Any CPU.Build.0 = Release|Any CPU
		{0F7BD402-5C70-43AE-AC8F-9AE87108E2BA}.Debug|Any CPU.ActiveCfg = Debug|Any CPU
		{0F7BD402-5C70-43AE-AC8F-9AE87108E2BA}.Debug|Any CPU.Build.0 = Debug|Any CPU
		{0F7BD402-5C70-43AE-AC8F-9AE87108E2BA}.Release|Any CPU.ActiveCfg = Release|Any CPU
		{0F7BD402-5C70-43AE-AC8F-9AE87108E2BA}.Release|Any CPU.Build.0 = Release|Any CPU
		{6D3A3A69-7F5D-4356-A1AB-4519CF4E7B67}.Debug|Any CPU.ActiveCfg = Debug|Any CPU
		{6D3A3A69-7F5D-4356-A1AB-4519CF4E7B67}.Debug|Any CPU.Build.0 = Debug|Any CPU
		{6D3A3A69-7F5D-4356-A1AB-4519CF4E7B67}.Release|Any CPU.ActiveCfg = Release|Any CPU
		{6D3A3A69-7F5D-4356-A1AB-4519CF4E7B67}.Release|Any CPU.Build.0 = Release|Any CPU
		{6A1936F8-F69B-443B-BE23-1531409A9AE8}.Debug|Any CPU.ActiveCfg = Debug|Any CPU
		{6A1936F8-F69B-443B-BE23-1531409A9AE8}.Debug|Any CPU.Build.0 = Debug|Any CPU
		{6A1936F8-F69B-443B-BE23-1531409A9AE8}.Release|Any CPU.ActiveCfg = Release|Any CPU
		{6A1936F8-F69B-443B-BE23-1531409A9AE8}.Release|Any CPU.Build.0 = Release|Any CPU
		{15DFACA4-EAF4-4F97-B559-23B3B43418A5}.Debug|Any CPU.ActiveCfg = Debug|Any CPU
		{15DFACA4-EAF4-4F97-B559-23B3B43418A5}.Debug|Any CPU.Build.0 = Debug|Any CPU
		{15DFACA4-EAF4-4F97-B559-23B3B43418A5}.Release|Any CPU.ActiveCfg = Release|Any CPU
		{15DFACA4-EAF4-4F97-B559-23B3B43418A5}.Release|Any CPU.Build.0 = Release|Any CPU
		{86D42494-7EFA-446D-8E6E-C3D648722215}.Debug|Any CPU.ActiveCfg = Debug|Any CPU
		{86D42494-7EFA-446D-8E6E-C3D648722215}.Debug|Any CPU.Build.0 = Debug|Any CPU
		{86D42494-7EFA-446D-8E6E-C3D648722215}.Release|Any CPU.ActiveCfg = Release|Any CPU
		{86D42494-7EFA-446D-8E6E-C3D648722215}.Release|Any CPU.Build.0 = Release|Any CPU
	EndGlobalSection
	GlobalSection(SolutionProperties) = preSolution
		HideSolutionNode = FALSE
	EndGlobalSection
	GlobalSection(NestedProjects) = preSolution
		{E4F4E3B5-0B32-4DCB-8F21-3C10FCA2C70A} = {BE93179D-382D-47AA-88F2-0E6AC310175D}
		{E6135E1A-1761-4234-BC57-952F216779D4} = {E4F4E3B5-0B32-4DCB-8F21-3C10FCA2C70A}
		{654E4BF6-EF6C-4ED2-9A80-136D57F40DC7} = {BE93179D-382D-47AA-88F2-0E6AC310175D}
		{B1F2FEF5-D513-4845-AE63-E7E74B696177} = {BE93179D-382D-47AA-88F2-0E6AC310175D}
		{66DFE999-2692-481B-86DB-996FA88B1A7F} = {BE93179D-382D-47AA-88F2-0E6AC310175D}
		{1D106112-6EC1-4141-A7A6-502634832B7E} = {BE93179D-382D-47AA-88F2-0E6AC310175D}
		{2E9ABAEF-86F5-491E-BB63-74D2A8B93430} = {66DFE999-2692-481B-86DB-996FA88B1A7F}
		{D69EB94D-85F2-41D7-82E5-68DA83758FC2} = {654E4BF6-EF6C-4ED2-9A80-136D57F40DC7}
		{99221554-0405-4606-937A-A1CE8EBCB8D9} = {B1F2FEF5-D513-4845-AE63-E7E74B696177}
		{681FF257-BF64-4A13-B98D-79DA631C3E25} = {C89469F7-A746-41C4-B6C2-616A4572823F}
		{0F7BD402-5C70-43AE-AC8F-9AE87108E2BA} = {654E4BF6-EF6C-4ED2-9A80-136D57F40DC7}
		{D993F29F-7C53-4A78-83D6-644EAE4242E3} = {BE93179D-382D-47AA-88F2-0E6AC310175D}
		{6D3A3A69-7F5D-4356-A1AB-4519CF4E7B67} = {D34996E6-29BF-4CC0-B902-7A3D28A0747B}
		{6A1936F8-F69B-443B-BE23-1531409A9AE8} = {D34996E6-29BF-4CC0-B902-7A3D28A0747B}
		{15DFACA4-EAF4-4F97-B559-23B3B43418A5} = {D993F29F-7C53-4A78-83D6-644EAE4242E3}
		{86D42494-7EFA-446D-8E6E-C3D648722215} = {D34996E6-29BF-4CC0-B902-7A3D28A0747B}
	EndGlobalSection
	GlobalSection(ExtensibilityGlobals) = postSolution
		SolutionGuid = {8B31E42B-2F9D-4D64-90BF-91636AF776E4}
	EndGlobalSection
EndGlobal
